
Microsoft Visual Studio Solution File, Format Version 12.00
# Visual Studio 15
VisualStudioVersion = 15.0.28307.329
MinimumVisualStudioVersion = 10.0.40219.1
Project("{FAE04EC0-301F-11D3-BF4B-00C04F79EFBC}") = "MasterTool", "MasterTool\MasterTool.csproj", "{6C9E58EA-B210-4350-9C7D-7EE3593F80AE}"
EndProject
Global
	GlobalSection(SolutionConfigurationPlatforms) = preSolution
		Debug|Any CPU = Debug|Any CPU
		Release|Any CPU = Release|Any CPU
	EndGlobalSection
	GlobalSection(ProjectConfigurationPlatforms) = postSolution
		{6C9E58EA-B210-4350-9C7D-7EE3593F80AE}.Debug|Any CPU.ActiveCfg = Debug|Any CPU
		{6C9E58EA-B210-4350-9C7D-7EE3593F80AE}.Debug|Any CPU.Build.0 = Debug|Any CPU
		{6C9E58EA-B210-4350-9C7D-7EE3593F80AE}.Release|Any CPU.ActiveCfg = Release|Any CPU
		{6C9E58EA-B210-4350-9C7D-7EE3593F80AE}.Release|Any CPU.Build.0 = Release|Any CPU
	EndGlobalSection
	GlobalSection(SolutionProperties) = preSolution
		HideSolutionNode = FALSE
	EndGlobalSection
	GlobalSection(ExtensibilityGlobals) = postSolution
		SolutionGuid = {41566D9F-0861-4135-8A89-0B401AB291D0}
	EndGlobalSection
EndGlobal
